
Microsoft Visual Studio Solution File, Format Version 12.00
# Visual Studio 15
VisualStudioVersion = 15.0.28307.1000
MinimumVisualStudioVersion = 10.0.40219.1
Project("{9A19103F-16F7-4668-BE54-9A1E7A4F7556}") = "CollectionsTask1", "CollectionsTask1\CollectionsTask1.csproj", "{9BA6B2C1-DAED-4DDC-BD4F-3EBE727B9726}"
EndProject
Global
	GlobalSection(SolutionConfigurationPlatforms) = preSolution
		Debug|Any CPU = Debug|Any CPU
		Release|Any CPU = Release|Any CPU
	EndGlobalSection
	GlobalSection(ProjectConfigurationPlatforms) = postSolution
		{9BA6B2C1-DAED-4DDC-BD4F-3EBE727B9726}.Debug|Any CPU.ActiveCfg = Debug|Any CPU
		{9BA6B2C1-DAED-4DDC-BD4F-3EBE727B9726}.Debug|Any CPU.Build.0 = Debug|Any CPU
		{9BA6B2C1-DAED-4DDC-BD4F-3EBE727B9726}.Release|Any CPU.ActiveCfg = Release|Any CPU
		{9BA6B2C1-DAED-4DDC-BD4F-3EBE727B9726}.Release|Any CPU.Build.0 = Release|Any CPU
	EndGlobalSection
	GlobalSection(SolutionProperties) = preSolution
		HideSolutionNode = FALSE
	EndGlobalSection
	GlobalSection(ExtensibilityGlobals) = postSolution
		SolutionGuid = {E6D3047E-30A2-4103-9F21-341D7A340E2E}
	EndGlobalSection
EndGlobal
